// !$*UTF8*$!
{
	archiveVersion = 1;
	classes = {
	};
	objectVersion = 77;
	objects = {

/* Begin PBXBuildFile section */
		408838342F5452DA00DCD12E /* Azurite_Main.icon in Resources */ = {isa = PBXBuildFile; fileRef = 408838332F5452DA00DCD12E /* Azurite_Main.icon */; };
		40BF861A2F5367FF00BBD0CE /* ATProtoKit in Frameworks */ = {isa = PBXBuildFile; productRef = 40BF86192F5367FF00BBD0CE /* ATProtoKit */; };
/* End PBXBuildFile section */

/* Begin PBXContainerItemProxy section */
		40BF85F72F535E0E00BBD0CE /* PBXContainerItemProxy */ = {
			isa = PBXContainerItemProxy;
			containerPortal = 40BF85E12F535E0D00BBD0CE /* Project object */;
			proxyType = 1;
			remoteGlobalIDString = 40BF85E82F535E0D00BBD0CE;
			remoteInfo = azurite;
		};
		40BF86012F535E0E00BBD0CE /* PBXContainerItemProxy */ = {
			isa = PBXContainerItemProxy;
			containerPortal = 40BF85E12F535E0D00BBD0CE /* Project object */;
			proxyType = 1;
			remoteGlobalIDString = 40BF85E82F535E0D00BBD0CE;
			remoteInfo = azurite;
		};
/* End PBXContainerItemProxy section */

/* Begin PBXFileReference section */
		408838332F5452DA00DCD12E /* Azurite_Main.icon */ = {isa = PBXFileReference; lastKnownFileType = folder.iconcomposer.icon; path = Azurite_Main.icon; sourceTree = "<group>"; };
		40BF85E92F535E0D00BBD0CE /* azurite.app */ = {isa = PBXFileReference; explicitFileType = wrapper.application; includeInIndex = 0; path = azurite.app; sourceTree = BUILT_PRODUCTS_DIR; };
		40BF85F62F535E0E00BBD0CE /* azuriteTests.xctest */ = {isa = PBXFileReference; explicitFileType = wrapper.cfbundle; includeInIndex = 0; path = azuriteTests.xctest; sourceTree = BUILT_PRODUCTS_DIR; };
		40BF86002F535E0E00BBD0CE /* azuriteUITests.xctest */ = {isa = PBXFileReference; explicitFileType = wrapper.cfbundle; includeInIndex = 0; path = azuriteUITests.xctest; sourceTree = BUILT_PRODUCTS_DIR; };
/* End PBXFileReference section */

/* Begin PBXFileSystemSynchronizedRootGroup section */
		40BF85EB2F535E0D00BBD0CE /* azurite */ = {
			isa = PBXFileSystemSynchronizedRootGroup;
			path = azurite;
			sourceTree = "<group>";
		};
		40BF85F92F535E0E00BBD0CE /* azuriteTests */ = {
			isa = PBXFileSystemSynchronizedRootGroup;
			path = azuriteTests;
			sourceTree = "<group>";
		};
		40BF86032F535E0E00BBD0CE /* azuriteUITests */ = {
			isa = PBXFileSystemSynchronizedRootGroup;
			path = azuriteUITests;
			sourceTree = "<group>";
		};
/* End PBXFileSystemSynchronizedRootGroup section */

/* Begin PBXFrameworksBuildPhase section */
		40BF85E62F535E0D00BBD0CE /* Frameworks */ = {
			isa = PBXFrameworksBuildPhase;
			buildActionMask = 2147483647;
			files = (
				40BF861A2F5367FF00BBD0CE /* ATProtoKit in Frameworks */,
			);
			runOnlyForDeploymentPostprocessing = 0;
		};
		40BF85F32F535E0E00BBD0CE /* Frameworks */ = {
			isa = PBXFrameworksBuildPhase;
			buildActionMask = 2147483647;
			files = (
			);
			runOnlyForDeploymentPostprocessing = 0;
		};
		40BF85FD2F535E0E00BBD0CE /* Frameworks */ = {
			isa = PBXFrameworksBuildPhase;
			buildActionMask = 2147483647;
			files = (
			);
			runOnlyForDeploymentPostprocessing = 0;
		};
/* End PBXFrameworksBuildPhase section */

/* Begin PBXGroup section */
		40BF85E02F535E0D00BBD0CE = {
			isa = PBXGroup;
			children = (
				40BF85EB2F535E0D00BBD0CE /* azurite */,
				40BF85F92F535E0E00BBD0CE /* azuriteTests */,
				40BF86032F535E0E00BBD0CE /* azuriteUITests */,
				40BF85EA2F535E0D00BBD0CE /* Products */,
				408838332F5452DA00DCD12E /* Azurite_Main.icon */,
			);
			sourceTree = "<group>";
		};
		40BF85EA2F535E0D00BBD0CE /* Products */ = {
			isa = PBXGroup;
			children = (
				40BF85E92F535E0D00BBD0CE /* azurite.app */,
				40BF85F62F535E0E00BBD0CE /* azuriteTests.xctest */,
				40BF86002F535E0E00BBD0CE /* azuriteUITests.xctest */,
			);
			name = Products;
			sourceTree = "<group>";
		};
/* End PBXGroup section */

/* Begin PBXNativeTarget section */
		40BF85E82F535E0D00BBD0CE /* azurite */ = {
			isa = PBXNativeTarget;
			buildConfigurationList = 40BF860A2F535E0E00BBD0CE /* Build configuration list for PBXNativeTarget "azurite" */;
			buildPhases = (
				40BF85E52F535E0D00BBD0CE /* Sources */,
				40BF85E62F535E0D00BBD0CE /* Frameworks */,
				40BF85E72F535E0D00BBD0CE /* Resources */,
			);
			buildRules = (
			);
			dependencies = (
			);
			fileSystemSynchronizedGroups = (
				40BF85EB2F535E0D00BBD0CE /* azurite */,
			);
			name = azurite;
			packageProductDependencies = (
				40BF86192F5367FF00BBD0CE /* ATProtoKit */,
			);
			productName = azurite;
			productReference = 40BF85E92F535E0D00BBD0CE /* azurite.app */;
			productType = "com.apple.product-type.application";
		};
		40BF85F52F535E0E00BBD0CE /* azuriteTests */ = {
			isa = PBXNativeTarget;
			buildConfigurationList = 40BF860D2F535E0E00BBD0CE /* Build configuration list for PBXNativeTarget "azuriteTests" */;
			buildPhases = (
				40BF85F22F535E0E00BBD0CE /* Sources */,
				40BF85F32F535E0E00BBD0CE /* Frameworks */,
				40BF85F42F535E0E00BBD0CE /* Resources */,
			);
			buildRules = (
			);
			dependencies = (
				40BF85F82F535E0E00BBD0CE /* PBXTargetDependency */,
			);
			fileSystemSynchronizedGroups = (
				40BF85F92F535E0E00BBD0CE /* azuriteTests */,
			);
			name = azuriteTests;
			packageProductDependencies = (
			);
			productName = azuriteTests;
			productReference = 40BF85F62F535E0E00BBD0CE /* azuriteTests.xctest */;
			productType = "com.apple.product-type.bundle.unit-test";
		};
		40BF85FF2F535E0E00BBD0CE /* azuriteUITests */ = {
			isa = PBXNativeTarget;
			buildConfigurationList = 40BF86102F535E0E00BBD0CE /* Build configuration list for PBXNativeTarget "azuriteUITests" */;
			buildPhases = (
				40BF85FC2F535E0E00BBD0CE /* Sources */,
				40BF85FD2F535E0E00BBD0CE /* Frameworks */,
				40BF85FE2F535E0E00BBD0CE /* Resources */,
			);
			buildRules = (
			);
			dependencies = (
				40BF86022F535E0E00BBD0CE /* PBXTargetDependency */,
			);
			fileSystemSynchronizedGroups = (
				40BF86032F535E0E00BBD0CE /* azuriteUITests */,
			);
			name = azuriteUITests;
			packageProductDependencies = (
			);
			productName = azuriteUITests;
			productReference = 40BF86002F535E0E00BBD0CE /* azuriteUITests.xctest */;
			productType = "com.apple.product-type.bundle.ui-testing";
		};
/* End PBXNativeTarget section */

/* Begin PBXProject section */
		40BF85E12F535E0D00BBD0CE /* Project object */ = {
			isa = PBXProject;
			attributes = {
				BuildIndependentTargetsInParallel = 1;
				LastSwiftUpdateCheck = 2630;
				LastUpgradeCheck = 2630;
				TargetAttributes = {
					40BF85E82F535E0D00BBD0CE = {
						CreatedOnToolsVersion = 26.3;
					};
					40BF85F52F535E0E00BBD0CE = {
						CreatedOnToolsVersion = 26.3;
						TestTargetID = 40BF85E82F535E0D00BBD0CE;
					};
					40BF85FF2F535E0E00BBD0CE = {
						CreatedOnToolsVersion = 26.3;
						TestTargetID = 40BF85E82F535E0D00BBD0CE;
					};
				};
			};
			buildConfigurationList = 40BF85E42F535E0D00BBD0CE /* Build configuration list for PBXProject "azurite" */;
			developmentRegion = en;
			hasScannedForEncodings = 0;
			knownRegions = (
				en,
				Base,
			);
			mainGroup = 40BF85E02F535E0D00BBD0CE;
			minimizedProjectReferenceProxies = 1;
			packageReferences = (
				40BF86182F5367FF00BBD0CE /* XCRemoteSwiftPackageReference "ATProtoKit" */,
			);
			preferredProjectObjectVersion = 77;
			productRefGroup = 40BF85EA2F535E0D00BBD0CE /* Products */;
			projectDirPath = "";
			projectRoot = "";
			targets = (
				40BF85E82F535E0D00BBD0CE /* azurite */,
				40BF85F52F535E0E00BBD0CE /* azuriteTests */,
				40BF85FF2F535E0E00BBD0CE /* azuriteUITests */,
			);
		};
/* End PBXProject section */

/* Begin PBXResourcesBuildPhase section */
		40BF85E72F535E0D00BBD0CE /* Resources */ = {
			isa = PBXResourcesBuildPhase;
			buildActionMask = 2147483647;
			files = (
				408838342F5452DA00DCD12E /* Azurite_Main.icon in Resources */,
			);
			runOnlyForDeploymentPostprocessing = 0;
		};
		40BF85F42F535E0E00BBD0CE /* Resources */ = {
			isa = PBXResourcesBuildPhase;
			buildActionMask = 2147483647;
			files = (
			);
			runOnlyForDeploymentPostprocessing = 0;
		};
		40BF85FE2F535E0E00BBD0CE /* Resources */ = {
			isa = PBXResourcesBuildPhase;
			buildActionMask = 2147483647;
			files = (
			);
			runOnlyForDeploymentPostprocessing = 0;
		};
/* End PBXResourcesBuildPhase section */

/* Begin PBXSourcesBuildPhase section */
		40BF85E52F535E0D00BBD0CE /* Sources */ = {
			isa = PBXSourcesBuildPhase;
			buildActionMask = 2147483647;
			files = (
			);
			runOnlyForDeploymentPostprocessing = 0;
		};
		40BF85F22F535E0E00BBD0CE /* Sources */ = {
			isa = PBXSourcesBuildPhase;
			buildActionMask = 2147483647;
			files = (
			);
			runOnlyForDeploymentPostprocessing = 0;
		};
		40BF85FC2F535E0E00BBD0CE /* Sources */ = {
			isa = PBXSourcesBuildPhase;
			buildActionMask = 2147483647;
			files = (
			);
			runOnlyForDeploymentPostprocessing = 0;
		};
/* End PBXSourcesBuildPhase section */

/* Begin PBXTargetDependency section */
		40BF85F82F535E0E00BBD0CE /* PBXTargetDependency */ = {
			isa = PBXTargetDependency;
			target = 40BF85E82F535E0D00BBD0CE /* azurite */;
			targetProxy = 40BF85F72F535E0E00BBD0CE /* PBXContainerItemProxy */;
		};
		40BF86022F535E0E00BBD0CE /* PBXTargetDependency */ = {
			isa = PBXTargetDependency;
			target = 40BF85E82F535E0D00BBD0CE /* azurite */;
			targetProxy = 40BF86012F535E0E00BBD0CE /* PBXContainerItemProxy */;
		};
/* End PBXTargetDependency section */

/* Begin XCBuildConfiguration section */
		40BF86082F535E0E00BBD0CE /* Debug */ = {
			isa = XCBuildConfiguration;
			buildSettings = {
				ALWAYS_SEARCH_USER_PATHS = NO;
				ASSETCATALOG_COMPILER_GENERATE_SWIFT_ASSET_SYMBOL_EXTENSIONS = YES;
				CLANG_ANALYZER_NONNULL = YES;
				CLANG_ANALYZER_NUMBER_OBJECT_CONVERSION = YES_AGGRESSIVE;
				CLANG_CXX_LANGUAGE_STANDARD = "gnu++20";
				CLANG_ENABLE_MODULES = YES;
				CLANG_ENABLE_OBJC_ARC = YES;
				CLANG_ENABLE_OBJC_WEAK = YES;
				CLANG_WARN_BLOCK_CAPTURE_AUTORELEASING = YES;
				CLANG_WARN_BOOL_CONVERSION = YES;
				CLANG_WARN_COMMA = YES;
				CLANG_WARN_CONSTANT_CONVERSION = YES;
				CLANG_WARN_DEPRECATED_OBJC_IMPLEMENTATIONS = YES;
				CLANG_WARN_DIRECT_OBJC_ISA_USAGE = YES_ERROR;
				CLANG_WARN_DOCUMENTATION_COMMENTS = YES;
				CLANG_WARN_EMPTY_BODY = YES;
				CLANG_WARN_ENUM_CONVERSION = YES;
				CLANG_WARN_INFINITE_RECURSION = YES;
				CLANG_WARN_INT_CONVERSION = YES;
				CLANG_WARN_NON_LITERAL_NULL_CONVERSION = YES;
				CLANG_WARN_OBJC_IMPLICIT_RETAIN_SELF = YES;
				CLANG_WARN_OBJC_LITERAL_CONVERSION = YES;
				CLANG_WARN_OBJC_ROOT_CLASS = YES_ERROR;
				CLANG_WARN_QUOTED_INCLUDE_IN_FRAMEWORK_HEADER = YES;
				CLANG_WARN_RANGE_LOOP_ANALYSIS = YES;
				CLANG_WARN_STRICT_PROTOTYPES = YES;
				CLANG_WARN_SUSPICIOUS_MOVE = YES;
				CLANG_WARN_UNGUARDED_AVAILABILITY = YES_AGGRESSIVE;
				CLANG_WARN_UNREACHABLE_CODE = YES;
				CLANG_WARN__DUPLICATE_METHOD_MATCH = YES;
				COPY_PHASE_STRIP = NO;
				DEBUG_INFORMATION_FORMAT = dwarf;
				ENABLE_STRICT_OBJC_MSGSEND = YES;
				ENABLE_TESTABILITY = YES;
				ENABLE_USER_SCRIPT_SANDBOXING = YES;
				GCC_C_LANGUAGE_STANDARD = gnu17;
				GCC_DYNAMIC_NO_PIC = NO;
				GCC_NO_COMMON_BLOCKS = YES;
				GCC_OPTIMIZATION_LEVEL = 0;
				GCC_PREPROCESSOR_DEFINITIONS = (
					"DEBUG=1",
					"$(inherited)",
				);
				GCC_WARN_64_TO_32_BIT_CONVERSION = YES;
				GCC_WARN_ABOUT_RETURN_TYPE = YES_ERROR;
				GCC_WARN_UNDECLARED_SELECTOR = YES;
				GCC_WARN_UNINITIALIZED_AUTOS = YES_AGGRESSIVE;
				GCC_WARN_UNUSED_FUNCTION = YES;
				GCC_WARN_UNUSED_VARIABLE = YES;
				LOCALIZATION_PREFERS_STRING_CATALOGS = YES;
				MACOSX_DEPLOYMENT_TARGET = 26.2;
				MTL_ENABLE_DEBUG_INFO = INCLUDE_SOURCE;
				MTL_FAST_MATH = YES;
				ONLY_ACTIVE_ARCH = YES;
				SDKROOT = macosx;
				SWIFT_ACTIVE_COMPILATION_CONDITIONS = "DEBUG $(inherited)";
				SWIFT_OPTIMIZATION_LEVEL = "-Onone";
			};
			name = Debug;
		};
		40BF86092F535E0E00BBD0CE /* Release */ = {
			isa = XCBuildConfiguration;
			buildSettings = {
				ALWAYS_SEARCH_USER_PATHS = NO;
				ASSETCATALOG_COMPILER_GENERATE_SWIFT_ASSET_SYMBOL_EXTENSIONS = YES;
				CLANG_ANALYZER_NONNULL = YES;
				CLANG_ANALYZER_NUMBER_OBJECT_CONVERSION = YES_AGGRESSIVE;
				CLANG_CXX_LANGUAGE_STANDARD = "gnu++20";
				CLANG_ENABLE_MODULES = YES;
				CLANG_ENABLE_OBJC_ARC = YES;
				CLANG_ENABLE_OBJC_WEAK = YES;
				CLANG_WARN_BLOCK_CAPTURE_AUTORELEASING = YES;
				CLANG_WARN_BOOL_CONVERSION = YES;
				CLANG_WARN_COMMA = YES;
				CLANG_WARN_CONSTANT_CONVERSION = YES;
				CLANG_WARN_DEPRECATED_OBJC_IMPLEMENTATIONS = YES;
				CLANG_WARN_DIRECT_OBJC_ISA_USAGE = YES_ERROR;
				CLANG_WARN_DOCUMENTATION_COMMENTS = YES;
				CLANG_WARN_EMPTY_BODY = YES;
				CLANG_WARN_ENUM_CONVERSION = YES;
				CLANG_WARN_INFINITE_RECURSION = YES;
				CLANG_WARN_INT_CONVERSION = YES;
				CLANG_WARN_NON_LITERAL_NULL_CONVERSION = YES;
				CLANG_WARN_OBJC_IMPLICIT_RETAIN_SELF = YES;
				CLANG_WARN_OBJC_LITERAL_CONVERSION = YES;
				CLANG_WARN_OBJC_ROOT_CLASS = YES_ERROR;
				CLANG_WARN_QUOTED_INCLUDE_IN_FRAMEWORK_HEADER = YES;
				CLANG_WARN_RANGE_LOOP_ANALYSIS = YES;
				CLANG_WARN_STRICT_PROTOTYPES = YES;
				CLANG_WARN_SUSPICIOUS_MOVE = YES;
				CLANG_WARN_UNGUARDED_AVAILABILITY = YES_AGGRESSIVE;
				CLANG_WARN_UNREACHABLE_CODE = YES;
				CLANG_WARN__DUPLICATE_METHOD_MATCH = YES;
				COPY_PHASE_STRIP = NO;
				DEBUG_INFORMATION_FORMAT = "dwarf-with-dsym";
				ENABLE_NS_ASSERTIONS = NO;
				ENABLE_STRICT_OBJC_MSGSEND = YES;
				ENABLE_USER_SCRIPT_SANDBOXING = YES;
				GCC_C_LANGUAGE_STANDARD = gnu17;
				GCC_NO_COMMON_BLOCKS = YES;
				GCC_WARN_64_TO_32_BIT_CONVERSION = YES;
				GCC_WARN_ABOUT_RETURN_TYPE = YES_ERROR;
				GCC_WARN_UNDECLARED_SELECTOR = YES;
				GCC_WARN_UNINITIALIZED_AUTOS = YES_AGGRESSIVE;
				GCC_WARN_UNUSED_FUNCTION = YES;
				GCC_WARN_UNUSED_VARIABLE = YES;
				LOCALIZATION_PREFERS_STRING_CATALOGS = YES;
				MACOSX_DEPLOYMENT_TARGET = 26.2;
				MTL_ENABLE_DEBUG_INFO = NO;
				MTL_FAST_MATH = YES;
				SDKROOT = macosx;
				SWIFT_COMPILATION_MODE = wholemodule;
			};
			name = Release;
		};
		40BF860B2F535E0E00BBD0CE /* Debug */ = {
			isa = XCBuildConfiguration;
			buildSettings = {
				ASSETCATALOG_COMPILER_APPICON_NAME = Azurite_Main;
				ASSETCATALOG_COMPILER_GLOBAL_ACCENT_COLOR_NAME = AccentColor;
				CODE_SIGN_STYLE = Automatic;
				COMBINE_HIDPI_IMAGES = YES;
				CURRENT_PROJECT_VERSION = 1;
				ENABLE_APP_SANDBOX = YES;
				ENABLE_FILE_ACCESS_DOWNLOADS_FOLDER = readwrite;
				ENABLE_INCOMING_NETWORK_CONNECTIONS = YES;
				ENABLE_OUTGOING_NETWORK_CONNECTIONS = YES;
				ENABLE_PREVIEWS = YES;
				ENABLE_RESOURCE_ACCESS_AUDIO_INPUT = NO;
				ENABLE_RESOURCE_ACCESS_BLUETOOTH = NO;
				ENABLE_RESOURCE_ACCESS_CALENDARS = NO;
				ENABLE_RESOURCE_ACCESS_CAMERA = NO;
				ENABLE_RESOURCE_ACCESS_CONTACTS = NO;
				ENABLE_RESOURCE_ACCESS_LOCATION = NO;
				ENABLE_RESOURCE_ACCESS_PRINTING = NO;
				ENABLE_RESOURCE_ACCESS_USB = NO;
				ENABLE_USER_SELECTED_FILES = readwrite;
				GENERATE_INFOPLIST_FILE = YES;
				INFOPLIST_KEY_CFBundleDisplayName = Azurite;
				INFOPLIST_KEY_NSHumanReadableCopyright = "";
				LD_RUNPATH_SEARCH_PATHS = (
					"$(inherited)",
					"@executable_path/../Frameworks",
				);
				MARKETING_VERSION = 1.0;
				PRODUCT_BUNDLE_IDENTIFIER = uk.ewancroft.azurite;
				PRODUCT_NAME = "$(TARGET_NAME)";
				REGISTER_APP_GROUPS = YES;
				STRING_CATALOG_GENERATE_SYMBOLS = YES;
				SWIFT_APPROACHABLE_CONCURRENCY = YES;
				SWIFT_DEFAULT_ACTOR_ISOLATION = MainActor;
				SWIFT_EMIT_LOC_STRINGS = YES;
				SWIFT_UPCOMING_FEATURE_MEMBER_IMPORT_VISIBILITY = YES;
				SWIFT_VERSION = 5.0;
			};
			name = Debug;
		};
		40BF860C2F535E0E00BBD0CE /* Release */ = {
			isa = XCBuildConfiguration;
			buildSettings = {
				ASSETCATALOG_COMPILER_APPICON_NAME = Azurite_Main;
				ASSETCATALOG_COMPILER_GLOBAL_ACCENT_COLOR_NAME = AccentColor;
				CODE_SIGN_STYLE = Automatic;
				COMBINE_HIDPI_IMAGES = YES;
				CURRENT_PROJECT_VERSION = 1;
				ENABLE_APP_SANDBOX = YES;
				ENABLE_FILE_ACCESS_DOWNLOADS_FOLDER = readwrite;
				ENABLE_INCOMING_NETWORK_CONNECTIONS = YES;
				ENABLE_OUTGOING_NETWORK_CONNECTIONS = YES;
				ENABLE_PREVIEWS = YES;
				ENABLE_RESOURCE_ACCESS_AUDIO_INPUT = NO;
				ENABLE_RESOURCE_ACCESS_BLUETOOTH = NO;
				ENABLE_RESOURCE_ACCESS_CALENDARS = NO;
				ENABLE_RESOURCE_ACCESS_CAMERA = NO;
				ENABLE_RESOURCE_ACCESS_CONTACTS = NO;
				ENABLE_RESOURCE_ACCESS_LOCATION = NO;
				ENABLE_RESOURCE_ACCESS_PRINTING = NO;
				ENABLE_RESOURCE_ACCESS_USB = NO;
				ENABLE_USER_SELECTED_FILES = readwrite;
				GENERATE_INFOPLIST_FILE = YES;
				INFOPLIST_KEY_CFBundleDisplayName = Azurite;
				INFOPLIST_KEY_NSHumanReadableCopyright = "";
				LD_RUNPATH_SEARCH_PATHS = (
					"$(inherited)",
					"@executable_path/../Frameworks",
				);
				MARKETING_VERSION = 1.0;
				PRODUCT_BUNDLE_IDENTIFIER = uk.ewancroft.azurite;
				PRODUCT_NAME = "$(TARGET_NAME)";
				REGISTER_APP_GROUPS = YES;
				STRING_CATALOG_GENERATE_SYMBOLS = YES;
				SWIFT_APPROACHABLE_CONCURRENCY = YES;
				SWIFT_DEFAULT_ACTOR_ISOLATION = MainActor;
				SWIFT_EMIT_LOC_STRINGS = YES;
				SWIFT_UPCOMING_FEATURE_MEMBER_IMPORT_VISIBILITY = YES;
				SWIFT_VERSION = 5.0;
			};
			name = Release;
		};
		40BF860E2F535E0E00BBD0CE /* Debug */ = {
			isa = XCBuildConfiguration;
			buildSettings = {
				BUNDLE_LOADER = "$(TEST_HOST)";
				CODE_SIGN_STYLE = Automatic;
				CURRENT_PROJECT_VERSION = 1;
				GENERATE_INFOPLIST_FILE = YES;
				MACOSX_DEPLOYMENT_TARGET = 26.2;
				MARKETING_VERSION = 1.0;
				PRODUCT_BUNDLE_IDENTIFIER = uk.ewancroft.azuriteTests;
				PRODUCT_NAME = "$(TARGET_NAME)";
				STRING_CATALOG_GENERATE_SYMBOLS = NO;
				SWIFT_APPROACHABLE_CONCURRENCY = YES;
				SWIFT_EMIT_LOC_STRINGS = NO;
				SWIFT_UPCOMING_FEATURE_MEMBER_IMPORT_VISIBILITY = YES;
				SWIFT_VERSION = 5.0;
				TEST_HOST = "$(BUILT_PRODUCTS_DIR)/azurite.app/$(BUNDLE_EXECUTABLE_FOLDER_PATH)/azurite";
			};
			name = Debug;
		};
		40BF860F2F535E0E00BBD0CE /* Release */ = {
			isa = XCBuildConfiguration;
			buildSettings = {
				BUNDLE_LOADER = "$(TEST_HOST)";
				CODE_SIGN_STYLE = Automatic;
				CURRENT_PROJECT_VERSION = 1;
				GENERATE_INFOPLIST_FILE = YES;
				MACOSX_DEPLOYMENT_TARGET = 26.2;
				MARKETING_VERSION = 1.0;
				PRODUCT_BUNDLE_IDENTIFIER = uk.ewancroft.azuriteTests;
				PRODUCT_NAME = "$(TARGET_NAME)";
				STRING_CATALOG_GENERATE_SYMBOLS = NO;
				SWIFT_APPROACHABLE_CONCURRENCY = YES;
				SWIFT_EMIT_LOC_STRINGS = NO;
				SWIFT_UPCOMING_FEATURE_MEMBER_IMPORT_VISIBILITY = YES;
				SWIFT_VERSION = 5.0;
				TEST_HOST = "$(BUILT_PRODUCTS_DIR)/azurite.app/$(BUNDLE_EXECUTABLE_FOLDER_PATH)/azurite";
			};
			name = Release;
		};
		40BF86112F535E0E00BBD0CE /* Debug */ = {
			isa = XCBuildConfiguration;
			buildSettings = {
				CODE_SIGN_STYLE = Automatic;
				CURRENT_PROJECT_VERSION = 1;
				GENERATE_INFOPLIST_FILE = YES;
				MARKETING_VERSION = 1.0;
				PRODUCT_BUNDLE_IDENTIFIER = uk.ewancroft.azuriteUITests;
				PRODUCT_NAME = "$(TARGET_NAME)";
				STRING_CATALOG_GENERATE_SYMBOLS = NO;
				SWIFT_APPROACHABLE_CONCURRENCY = YES;
				SWIFT_EMIT_LOC_STRINGS = NO;
				SWIFT_UPCOMING_FEATURE_MEMBER_IMPORT_VISIBILITY = YES;
				SWIFT_VERSION = 5.0;
				TEST_TARGET_NAME = azurite;
			};
			name = Debug;
		};
		40BF86122F535E0E00BBD0CE /* Release */ = {
			isa = XCBuildConfiguration;
			buildSettings = {
				CODE_SIGN_STYLE = Automatic;
				CURRENT_PROJECT_VERSION = 1;
				GENERATE_INFOPLIST_FILE = YES;
				MARKETING_VERSION = 1.0;
				PRODUCT_BUNDLE_IDENTIFIER = uk.ewancroft.azuriteUITests;
				PRODUCT_NAME = "$(TARGET_NAME)";
				STRING_CATALOG_GENERATE_SYMBOLS = NO;
				SWIFT_APPROACHABLE_CONCURRENCY = YES;
				SWIFT_EMIT_LOC_STRINGS = NO;
				SWIFT_UPCOMING_FEATURE_MEMBER_IMPORT_VISIBILITY = YES;
				SWIFT_VERSION = 5.0;
				TEST_TARGET_NAME = azurite;
			};
			name = Release;
		};
/* End XCBuildConfiguration section */

/* Begin XCConfigurationList section */
		40BF85E42F535E0D00BBD0CE /* Build configuration list for PBXProject "azurite" */ = {
			isa = XCConfigurationList;
			buildConfigurations = (
				40BF86082F535E0E00BBD0CE /* Debug */,
				40BF86092F535E0E00BBD0CE /* Release */,
			);
			defaultConfigurationIsVisible = 0;
			defaultConfigurationName = Release;
		};
		40BF860A2F535E0E00BBD0CE /* Build configuration list for PBXNativeTarget "azurite" */ = {
			isa = XCConfigurationList;
			buildConfigurations = (
				40BF860B2F535E0E00BBD0CE /* Debug */,
				40BF860C2F535E0E00BBD0CE /* Release */,
			);
			defaultConfigurationIsVisible = 0;
			defaultConfigurationName = Release;
		};
		40BF860D2F535E0E00BBD0CE /* Build configuration list for PBXNativeTarget "azuriteTests" */ = {
			isa = XCConfigurationList;
			buildConfigurations = (
				40BF860E2F535E0E00BBD0CE /* Debug */,
				40BF860F2F535E0E00BBD0CE /* Release */,
			);
			defaultConfigurationIsVisible = 0;
			defaultConfigurationName = Release;
		};
		40BF86102F535E0E00BBD0CE /* Build configuration list for PBXNativeTarget "azuriteUITests" */ = {
			isa = XCConfigurationList;
			buildConfigurations = (
				40BF86112F535E0E00BBD0CE /* Debug */,
				40BF86122F535E0E00BBD0CE /* Release */,
			);
			defaultConfigurationIsVisible = 0;
			defaultConfigurationName = Release;
		};
/* End XCConfigurationList section */

/* Begin XCRemoteSwiftPackageReference section */
		40BF86182F5367FF00BBD0CE /* XCRemoteSwiftPackageReference "ATProtoKit" */ = {
			isa = XCRemoteSwiftPackageReference;
			repositoryURL = "https://github.com/MasterJ93/ATProtoKit";
			requirement = {
				kind = upToNextMajorVersion;
				minimumVersion = 0.32.5;
			};
		};
/* End XCRemoteSwiftPackageReference section */

/* Begin XCSwiftPackageProductDependency section */
		40BF86192F5367FF00BBD0CE /* ATProtoKit */ = {
			isa = XCSwiftPackageProductDependency;
			package = 40BF86182F5367FF00BBD0CE /* XCRemoteSwiftPackageReference "ATProtoKit" */;
			productName = ATProtoKit;
		};
/* End XCSwiftPackageProductDependency section */
	};
	rootObject = 40BF85E12F535E0D00BBD0CE /* Project object */;
}
